
Microsoft Visual Studio Solution File, Format Version 12.00
# Visual Studio Version 17
VisualStudioVersion = 17.0.31903.59
MinimumVisualStudioVersion = 10.0.40219.1
Project("{2150E333-8FDC-42A3-9474-1A3956D46DE8}") = "src", "src", "{827E0CD3-B72D-47B6-A68D-7590B98EB39B}"
EndProject
Project("{FAE04EC0-301F-11D3-BF4B-00C04F79EFBC}") = "Helper.Runtime", "src\Helper.Runtime\Helper.Runtime.csproj", "{3C616F83-69F2-48FA-9E6B-7E1A8EEBC82A}"
EndProject
Project("{FAE04EC0-301F-11D3-BF4B-00C04F79EFBC}") = "Helper.Runtime.Cli", "src\Helper.Runtime.Cli\Helper.Runtime.Cli.csproj", "{0D85F048-E786-4203-AD2B-5439CFB3ECA1}"
EndProject
Project("{FAE04EC0-301F-11D3-BF4B-00C04F79EFBC}") = "Helper.Api", "src\Helper.Api\Helper.Api.csproj", "{A1B3217E-678B-487E-B9C0-D9173ED84DBF}"
EndProject
Project("{FAE04EC0-301F-11D3-BF4B-00C04F79EFBC}") = "Helper.Runtime.WebResearch", "src\Helper.Runtime.WebResearch\Helper.Runtime.WebResearch.csproj", "{C7438DFD-60DA-4EFA-BDAA-F9542A49E667}"
EndProject
Project("{FAE04EC0-301F-11D3-BF4B-00C04F79EFBC}") = "Helper.Runtime.WebResearch.Browser", "src\Helper.Runtime.WebResearch.Browser\Helper.Runtime.WebResearch.Browser.csproj", "{0461B899-5043-43C6-8BE9-F8ADA148B2A7}"
EndProject
Project("{2150E333-8FDC-42A3-9474-1A3956D46DE8}") = "test", "test", "{0C88DD14-F956-CE84-757C-A364CCF449FC}"
EndProject
Project("{FAE04EC0-301F-11D3-BF4B-00C04F79EFBC}") = "Helper.Runtime.Tests", "test\Helper.Runtime.Tests\Helper.Runtime.Tests.csproj", "{5A8C8071-C1B7-4E91-9EB7-70A46D18A50A}"
EndProject
Project("{FAE04EC0-301F-11D3-BF4B-00C04F79EFBC}") = "Helper.RuntimeSlice.Contracts", "src\Helper.RuntimeSlice.Contracts\Helper.RuntimeSlice.Contracts.csproj", "{F2B47BC0-439A-4A75-AAC7-376520152DE8}"
EndProject
Project("{FAE04EC0-301F-11D3-BF4B-00C04F79EFBC}") = "Helper.RuntimeSlice.Api", "src\Helper.RuntimeSlice.Api\Helper.RuntimeSlice.Api.csproj", "{11A32C28-B5D2-48B9-9265-92725FC91786}"
EndProject
Project("{FAE04EC0-301F-11D3-BF4B-00C04F79EFBC}") = "Helper.RuntimeSlice.Api.Tests", "test\Helper.RuntimeSlice.Api.Tests\Helper.RuntimeSlice.Api.Tests.csproj", "{82E4722A-702E-428E-8EC3-C6CF369AB6F1}"
EndProject
Project("{FAE04EC0-301F-11D3-BF4B-00C04F79EFBC}") = "Helper.Runtime.Knowledge", "src\Helper.Runtime.Knowledge\Helper.Runtime.Knowledge.csproj", "{2AA09950-1954-4C6C-A66F-CE2C308D20A8}"
EndProject
Project("{FAE04EC0-301F-11D3-BF4B-00C04F79EFBC}") = "Helper.Runtime.Evolution", "src\Helper.Runtime.Evolution\Helper.Runtime.Evolution.csproj", "{D7437C20-5E41-4EEC-A9DD-51FB34A9F94C}"
EndProject
Project("{FAE04EC0-301F-11D3-BF4B-00C04F79EFBC}") = "Helper.Testing", "test\Helper.Testing\Helper.Testing.csproj", "{206ADA98-524F-42AD-9448-3FAEA45B3516}"
EndProject
Project("{FAE04EC0-301F-11D3-BF4B-00C04F79EFBC}") = "Helper.Testing.Evals", "test\Helper.Testing.Evals\Helper.Testing.Evals.csproj", "{C0E88D62-41B7-4A3E-B5F0-1E6AB4C8B56A}"
EndProject
Project("{FAE04EC0-301F-11D3-BF4B-00C04F79EFBC}") = "Helper.Testing.WebResearch", "test\Helper.Testing.WebResearch\Helper.Testing.WebResearch.csproj", "{0F7FB29F-0A49-4881-B1D0-C3E9670F85A5}"
EndProject
Project("{FAE04EC0-301F-11D3-BF4B-00C04F79EFBC}") = "Helper.Runtime.Api.Tests", "test\Helper.Runtime.Api.Tests\Helper.Runtime.Api.Tests.csproj", "{9F3D7A43-3A3A-4B8D-9D1E-3B4F537D3D97}"
EndProject
Project("{FAE04EC0-301F-11D3-BF4B-00C04F79EFBC}") = "Helper.Runtime.Integration.Tests", "test\Helper.Runtime.Integration.Tests\Helper.Runtime.Integration.Tests.csproj", "{6D1975C4-969E-4B7D-9345-3F83E33AA533}"
EndProject
Project("{FAE04EC0-301F-11D3-BF4B-00C04F79EFBC}") = "Helper.Runtime.Browser.Tests", "test\Helper.Runtime.Browser.Tests\Helper.Runtime.Browser.Tests.csproj", "{A5F7BCC0-CACA-4624-BC0A-DEC1090C12BB}"
EndProject
Project("{FAE04EC0-301F-11D3-BF4B-00C04F79EFBC}") = "Helper.Runtime.Certification.Tests", "test\Helper.Runtime.Certification.Tests\Helper.Runtime.Certification.Tests.csproj", "{EE3C7A4F-584E-4D36-8AA8-E62F39A15D7C}"
EndProject
Project("{FAE04EC0-301F-11D3-BF4B-00C04F79EFBC}") = "Helper.Runtime.Certification.Compile.Tests", "test\Helper.Runtime.Certification.Compile.Tests\Helper.Runtime.Certification.Compile.Tests.csproj", "{690325AB-C7AE-479F-9FAC-32972B858468}"
EndProject
Global
	GlobalSection(SolutionConfigurationPlatforms) = preSolution
		Debug|Any CPU = Debug|Any CPU
		Debug|x64 = Debug|x64
		Debug|x86 = Debug|x86
		Release|Any CPU = Release|Any CPU
		Release|x64 = Release|x64
		Release|x86 = Release|x86
	EndGlobalSection
	GlobalSection(ProjectConfigurationPlatforms) = postSolution
		{3C616F83-69F2-48FA-9E6B-7E1A8EEBC82A}.Debug|Any CPU.ActiveCfg = Debug|Any CPU
		{3C616F83-69F2-48FA-9E6B-7E1A8EEBC82A}.Debug|Any CPU.Build.0 = Debug|Any CPU
		{3C616F83-69F2-48FA-9E6B-7E1A8EEBC82A}.Debug|x64.ActiveCfg = Debug|Any CPU
		{3C616F83-69F2-48FA-9E6B-7E1A8EEBC82A}.Debug|x64.Build.0 = Debug|Any CPU
		{3C616F83-69F2-48FA-9E6B-7E1A8EEBC82A}.Debug|x86.ActiveCfg = Debug|Any CPU
		{3C616F83-69F2-48FA-9E6B-7E1A8EEBC82A}.Debug|x86.Build.0 = Debug|Any CPU
		{3C616F83-69F2-48FA-9E6B-7E1A8EEBC82A}.Release|Any CPU.ActiveCfg = Release|Any CPU
		{3C616F83-69F2-48FA-9E6B-7E1A8EEBC82A}.Release|Any CPU.Build.0 = Release|Any CPU
		{3C616F83-69F2-48FA-9E6B-7E1A8EEBC82A}.Release|x64.ActiveCfg = Release|Any CPU
		{3C616F83-69F2-48FA-9E6B-7E1A8EEBC82A}.Release|x64.Build.0 = Release|Any CPU
		{3C616F83-69F2-48FA-9E6B-7E1A8EEBC82A}.Release|x86.ActiveCfg = Release|Any CPU
		{3C616F83-69F2-48FA-9E6B-7E1A8EEBC82A}.Release|x86.Build.0 = Release|Any CPU
		{0D85F048-E786-4203-AD2B-5439CFB3ECA1}.Debug|Any CPU.ActiveCfg = Debug|Any CPU
		{0D85F048-E786-4203-AD2B-5439CFB3ECA1}.Debug|Any CPU.Build.0 = Debug|Any CPU
		{0D85F048-E786-4203-AD2B-5439CFB3ECA1}.Debug|x64.ActiveCfg = Debug|Any CPU
		{0D85F048-E786-4203-AD2B-5439CFB3ECA1}.Debug|x64.Build.0 = Debug|Any CPU
		{0D85F048-E786-4203-AD2B-5439CFB3ECA1}.Debug|x86.ActiveCfg = Debug|Any CPU
		{0D85F048-E786-4203-AD2B-5439CFB3ECA1}.Debug|x86.Build.0 = Debug|Any CPU
		{0D85F048-E786-4203-AD2B-5439CFB3ECA1}.Release|Any CPU.ActiveCfg = Release|Any CPU
		{0D85F048-E786-4203-AD2B-5439CFB3ECA1}.Release|Any CPU.Build.0 = Release|Any CPU
		{0D85F048-E786-4203-AD2B-5439CFB3ECA1}.Release|x64.ActiveCfg = Release|Any CPU
		{0D85F048-E786-4203-AD2B-5439CFB3ECA1}.Release|x64.Build.0 = Release|Any CPU
		{0D85F048-E786-4203-AD2B-5439CFB3ECA1}.Release|x86.ActiveCfg = Release|Any CPU
		{0D85F048-E786-4203-AD2B-5439CFB3ECA1}.Release|x86.Build.0 = Release|Any CPU
		{A1B3217E-678B-487E-B9C0-D9173ED84DBF}.Debug|Any CPU.ActiveCfg = Debug|Any CPU
		{A1B3217E-678B-487E-B9C0-D9173ED84DBF}.Debug|Any CPU.Build.0 = Debug|Any CPU
		{A1B3217E-678B-487E-B9C0-D9173ED84DBF}.Debug|x64.ActiveCfg = Debug|Any CPU
		{A1B3217E-678B-487E-B9C0-D9173ED84DBF}.Debug|x64.Build.0 = Debug|Any CPU
		{A1B3217E-678B-487E-B9C0-D9173ED84DBF}.Debug|x86.ActiveCfg = Debug|Any CPU
		{A1B3217E-678B-487E-B9C0-D9173ED84DBF}.Debug|x86.Build.0 = Debug|Any CPU
		{A1B3217E-678B-487E-B9C0-D9173ED84DBF}.Release|Any CPU.ActiveCfg = Release|Any CPU
		{A1B3217E-678B-487E-B9C0-D9173ED84DBF}.Release|Any CPU.Build.0 = Release|Any CPU
		{A1B3217E-678B-487E-B9C0-D9173ED84DBF}.Release|x64.ActiveCfg = Release|Any CPU
		{A1B3217E-678B-487E-B9C0-D9173ED84DBF}.Release|x64.Build.0 = Release|Any CPU
		{A1B3217E-678B-487E-B9C0-D9173ED84DBF}.Release|x86.ActiveCfg = Release|Any CPU
		{A1B3217E-678B-487E-B9C0-D9173ED84DBF}.Release|x86.Build.0 = Release|Any CPU
		{C7438DFD-60DA-4EFA-BDAA-F9542A49E667}.Debug|Any CPU.ActiveCfg = Debug|Any CPU
		{C7438DFD-60DA-4EFA-BDAA-F9542A49E667}.Debug|Any CPU.Build.0 = Debug|Any CPU
		{C7438DFD-60DA-4EFA-BDAA-F9542A49E667}.Debug|x64.ActiveCfg = Debug|Any CPU
		{C7438DFD-60DA-4EFA-BDAA-F9542A49E667}.Debug|x64.Build.0 = Debug|Any CPU
		{C7438DFD-60DA-4EFA-BDAA-F9542A49E667}.Debug|x86.ActiveCfg = Debug|Any CPU
		{C7438DFD-60DA-4EFA-BDAA-F9542A49E667}.Debug|x86.Build.0 = Debug|Any CPU
		{C7438DFD-60DA-4EFA-BDAA-F9542A49E667}.Release|Any CPU.ActiveCfg = Release|Any CPU
		{C7438DFD-60DA-4EFA-BDAA-F9542A49E667}.Release|Any CPU.Build.0 = Release|Any CPU
		{C7438DFD-60DA-4EFA-BDAA-F9542A49E667}.Release|x64.ActiveCfg = Release|Any CPU
		{C7438DFD-60DA-4EFA-BDAA-F9542A49E667}.Release|x64.Build.0 = Release|Any CPU
		{C7438DFD-60DA-4EFA-BDAA-F9542A49E667}.Release|x86.ActiveCfg = Release|Any CPU
		{C7438DFD-60DA-4EFA-BDAA-F9542A49E667}.Release|x86.Build.0 = Release|Any CPU
		{0461B899-5043-43C6-8BE9-F8ADA148B2A7}.Debug|Any CPU.ActiveCfg = Debug|Any CPU
		{0461B899-5043-43C6-8BE9-F8ADA148B2A7}.Debug|Any CPU.Build.0 = Debug|Any CPU
		{0461B899-5043-43C6-8BE9-F8ADA148B2A7}.Debug|x64.ActiveCfg = Debug|Any CPU
		{0461B899-5043-43C6-8BE9-F8ADA148B2A7}.Debug|x64.Build.0 = Debug|Any CPU
		{0461B899-5043-43C6-8BE9-F8ADA148B2A7}.Debug|x86.ActiveCfg = Debug|Any CPU
		{0461B899-5043-43C6-8BE9-F8ADA148B2A7}.Debug|x86.Build.0 = Debug|Any CPU
		{0461B899-5043-43C6-8BE9-F8ADA148B2A7}.Release|Any CPU.ActiveCfg = Release|Any CPU
		{0461B899-5043-43C6-8BE9-F8ADA148B2A7}.Release|Any CPU.Build.0 = Release|Any CPU
		{0461B899-5043-43C6-8BE9-F8ADA148B2A7}.Release|x64.ActiveCfg = Release|Any CPU
		{0461B899-5043-43C6-8BE9-F8ADA148B2A7}.Release|x64.Build.0 = Release|Any CPU
		{0461B899-5043-43C6-8BE9-F8ADA148B2A7}.Release|x86.ActiveCfg = Release|Any CPU
		{0461B899-5043-43C6-8BE9-F8ADA148B2A7}.Release|x86.Build.0 = Release|Any CPU
		{5A8C8071-C1B7-4E91-9EB7-70A46D18A50A}.Debug|Any CPU.ActiveCfg = Debug|Any CPU
		{5A8C8071-C1B7-4E91-9EB7-70A46D18A50A}.Debug|Any CPU.Build.0 = Debug|Any CPU
		{5A8C8071-C1B7-4E91-9EB7-70A46D18A50A}.Debug|x64.ActiveCfg = Debug|Any CPU
		{5A8C8071-C1B7-4E91-9EB7-70A46D18A50A}.Debug|x64.Build.0 = Debug|Any CPU
		{5A8C8071-C1B7-4E91-9EB7-70A46D18A50A}.Debug|x86.ActiveCfg = Debug|Any CPU
		{5A8C8071-C1B7-4E91-9EB7-70A46D18A50A}.Debug|x86.Build.0 = Debug|Any CPU
		{5A8C8071-C1B7-4E91-9EB7-70A46D18A50A}.Release|Any CPU.ActiveCfg = Release|Any CPU
		{5A8C8071-C1B7-4E91-9EB7-70A46D18A50A}.Release|Any CPU.Build.0 = Release|Any CPU
		{5A8C8071-C1B7-4E91-9EB7-70A46D18A50A}.Release|x64.ActiveCfg = Release|Any CPU
		{5A8C8071-C1B7-4E91-9EB7-70A46D18A50A}.Release|x64.Build.0 = Release|Any CPU
		{5A8C8071-C1B7-4E91-9EB7-70A46D18A50A}.Release|x86.ActiveCfg = Release|Any CPU
		{5A8C8071-C1B7-4E91-9EB7-70A46D18A50A}.Release|x86.Build.0 = Release|Any CPU
		{F2B47BC0-439A-4A75-AAC7-376520152DE8}.Debug|Any CPU.ActiveCfg = Debug|Any CPU
		{F2B47BC0-439A-4A75-AAC7-376520152DE8}.Debug|Any CPU.Build.0 = Debug|Any CPU
		{F2B47BC0-439A-4A75-AAC7-376520152DE8}.Debug|x64.ActiveCfg = Debug|Any CPU
		{F2B47BC0-439A-4A75-AAC7-376520152DE8}.Debug|x64.Build.0 = Debug|Any CPU
		{F2B47BC0-439A-4A75-AAC7-376520152DE8}.Debug|x86.ActiveCfg = Debug|Any CPU
		{F2B47BC0-439A-4A75-AAC7-376520152DE8}.Debug|x86.Build.0 = Debug|Any CPU
		{F2B47BC0-439A-4A75-AAC7-376520152DE8}.Release|Any CPU.ActiveCfg = Release|Any CPU
		{F2B47BC0-439A-4A75-AAC7-376520152DE8}.Release|Any CPU.Build.0 = Release|Any CPU
		{F2B47BC0-439A-4A75-AAC7-376520152DE8}.Release|x64.ActiveCfg = Release|Any CPU
		{F2B47BC0-439A-4A75-AAC7-376520152DE8}.Release|x64.Build.0 = Release|Any CPU
		{F2B47BC0-439A-4A75-AAC7-376520152DE8}.Release|x86.ActiveCfg = Release|Any CPU
		{F2B47BC0-439A-4A75-AAC7-376520152DE8}.Release|x86.Build.0 = Release|Any CPU
		{11A32C28-B5D2-48B9-9265-92725FC91786}.Debug|Any CPU.ActiveCfg = Debug|Any CPU
		{11A32C28-B5D2-48B9-9265-92725FC91786}.Debug|Any CPU.Build.0 = Debug|Any CPU
		{11A32C28-B5D2-48B9-9265-92725FC91786}.Debug|x64.ActiveCfg = Debug|Any CPU
		{11A32C28-B5D2-48B9-9265-92725FC91786}.Debug|x64.Build.0 = Debug|Any CPU
		{11A32C28-B5D2-48B9-9265-92725FC91786}.Debug|x86.ActiveCfg = Debug|Any CPU
		{11A32C28-B5D2-48B9-9265-92725FC91786}.Debug|x86.Build.0 = Debug|Any CPU
		{11A32C28-B5D2-48B9-9265-92725FC91786}.Release|Any CPU.ActiveCfg = Release|Any CPU
		{11A32C28-B5D2-48B9-9265-92725FC91786}.Release|Any CPU.Build.0 = Release|Any CPU
		{11A32C28-B5D2-48B9-9265-92725FC91786}.Release|x64.ActiveCfg = Release|Any CPU
		{11A32C28-B5D2-48B9-9265-92725FC91786}.Release|x64.Build.0 = Release|Any CPU
		{11A32C28-B5D2-48B9-9265-92725FC91786}.Release|x86.ActiveCfg = Release|Any CPU
		{11A32C28-B5D2-48B9-9265-92725FC91786}.Release|x86.Build.0 = Release|Any CPU
		{82E4722A-702E-428E-8EC3-C6CF369AB6F1}.Debug|Any CPU.ActiveCfg = Debug|Any CPU
		{82E4722A-702E-428E-8EC3-C6CF369AB6F1}.Debug|Any CPU.Build.0 = Debug|Any CPU
		{82E4722A-702E-428E-8EC3-C6CF369AB6F1}.Debug|x64.ActiveCfg = Debug|Any CPU
		{82E4722A-702E-428E-8EC3-C6CF369AB6F1}.Debug|x64.Build.0 = Debug|Any CPU
		{82E4722A-702E-428E-8EC3-C6CF369AB6F1}.Debug|x86.ActiveCfg = Debug|Any CPU
		{82E4722A-702E-428E-8EC3-C6CF369AB6F1}.Debug|x86.Build.0 = Debug|Any CPU
		{82E4722A-702E-428E-8EC3-C6CF369AB6F1}.Release|Any CPU.ActiveCfg = Release|Any CPU
		{82E4722A-702E-428E-8EC3-C6CF369AB6F1}.Release|Any CPU.Build.0 = Release|Any CPU
		{82E4722A-702E-428E-8EC3-C6CF369AB6F1}.Release|x64.ActiveCfg = Release|Any CPU
		{82E4722A-702E-428E-8EC3-C6CF369AB6F1}.Release|x64.Build.0 = Release|Any CPU
		{82E4722A-702E-428E-8EC3-C6CF369AB6F1}.Release|x86.ActiveCfg = Release|Any CPU
		{82E4722A-702E-428E-8EC3-C6CF369AB6F1}.Release|x86.Build.0 = Release|Any CPU
		{2AA09950-1954-4C6C-A66F-CE2C308D20A8}.Debug|Any CPU.ActiveCfg = Debug|Any CPU
		{2AA09950-1954-4C6C-A66F-CE2C308D20A8}.Debug|Any CPU.Build.0 = Debug|Any CPU
		{2AA09950-1954-4C6C-A66F-CE2C308D20A8}.Debug|x64.ActiveCfg = Debug|Any CPU
		{2AA09950-1954-4C6C-A66F-CE2C308D20A8}.Debug|x64.Build.0 = Debug|Any CPU
		{2AA09950-1954-4C6C-A66F-CE2C308D20A8}.Debug|x86.ActiveCfg = Debug|Any CPU
		{2AA09950-1954-4C6C-A66F-CE2C308D20A8}.Debug|x86.Build.0 = Debug|Any CPU
		{2AA09950-1954-4C6C-A66F-CE2C308D20A8}.Release|Any CPU.ActiveCfg = Release|Any CPU
		{2AA09950-1954-4C6C-A66F-CE2C308D20A8}.Release|Any CPU.Build.0 = Release|Any CPU
		{2AA09950-1954-4C6C-A66F-CE2C308D20A8}.Release|x64.ActiveCfg = Release|Any CPU
		{2AA09950-1954-4C6C-A66F-CE2C308D20A8}.Release|x64.Build.0 = Release|Any CPU
		{2AA09950-1954-4C6C-A66F-CE2C308D20A8}.Release|x86.ActiveCfg = Release|Any CPU
		{2AA09950-1954-4C6C-A66F-CE2C308D20A8}.Release|x86.Build.0 = Release|Any CPU
		{D7437C20-5E41-4EEC-A9DD-51FB34A9F94C}.Debug|Any CPU.ActiveCfg = Debug|Any CPU
		{D7437C20-5E41-4EEC-A9DD-51FB34A9F94C}.Debug|Any CPU.Build.0 = Debug|Any CPU
		{D7437C20-5E41-4EEC-A9DD-51FB34A9F94C}.Debug|x64.ActiveCfg = Debug|Any CPU
		{D7437C20-5E41-4EEC-A9DD-51FB34A9F94C}.Debug|x64.Build.0 = Debug|Any CPU
		{D7437C20-5E41-4EEC-A9DD-51FB34A9F94C}.Debug|x86.ActiveCfg = Debug|Any CPU
		{D7437C20-5E41-4EEC-A9DD-51FB34A9F94C}.Debug|x86.Build.0 = Debug|Any CPU
		{D7437C20-5E41-4EEC-A9DD-51FB34A9F94C}.Release|Any CPU.ActiveCfg = Release|Any CPU
		{D7437C20-5E41-4EEC-A9DD-51FB34A9F94C}.Release|Any CPU.Build.0 = Release|Any CPU
		{D7437C20-5E41-4EEC-A9DD-51FB34A9F94C}.Release|x64.ActiveCfg = Release|Any CPU
		{D7437C20-5E41-4EEC-A9DD-51FB34A9F94C}.Release|x64.Build.0 = Release|Any CPU
		{D7437C20-5E41-4EEC-A9DD-51FB34A9F94C}.Release|x86.ActiveCfg = Release|Any CPU
		{D7437C20-5E41-4EEC-A9DD-51FB34A9F94C}.Release|x86.Build.0 = Release|Any CPU
		{206ADA98-524F-42AD-9448-3FAEA45B3516}.Debug|Any CPU.ActiveCfg = Debug|Any CPU
		{206ADA98-524F-42AD-9448-3FAEA45B3516}.Debug|Any CPU.Build.0 = Debug|Any CPU
		{206ADA98-524F-42AD-9448-3FAEA45B3516}.Debug|x64.ActiveCfg = Debug|Any CPU
		{206ADA98-524F-42AD-9448-3FAEA45B3516}.Debug|x64.Build.0 = Debug|Any CPU
		{206ADA98-524F-42AD-9448-3FAEA45B3516}.Debug|x86.ActiveCfg = Debug|Any CPU
		{206ADA98-524F-42AD-9448-3FAEA45B3516}.Debug|x86.Build.0 = Debug|Any CPU
		{206ADA98-524F-42AD-9448-3FAEA45B3516}.Release|Any CPU.ActiveCfg = Release|Any CPU
		{206ADA98-524F-42AD-9448-3FAEA45B3516}.Release|Any CPU.Build.0 = Release|Any CPU
		{206ADA98-524F-42AD-9448-3FAEA45B3516}.Release|x64.ActiveCfg = Release|Any CPU
		{206ADA98-524F-42AD-9448-3FAEA45B3516}.Release|x64.Build.0 = Release|Any CPU
		{206ADA98-524F-42AD-9448-3FAEA45B3516}.Release|x86.ActiveCfg = Release|Any CPU
		{206ADA98-524F-42AD-9448-3FAEA45B3516}.Release|x86.Build.0 = Release|Any CPU
		{C0E88D62-41B7-4A3E-B5F0-1E6AB4C8B56A}.Debug|Any CPU.ActiveCfg = Debug|Any CPU
		{C0E88D62-41B7-4A3E-B5F0-1E6AB4C8B56A}.Debug|Any CPU.Build.0 = Debug|Any CPU
		{C0E88D62-41B7-4A3E-B5F0-1E6AB4C8B56A}.Debug|x64.ActiveCfg = Debug|Any CPU
		{C0E88D62-41B7-4A3E-B5F0-1E6AB4C8B56A}.Debug|x64.Build.0 = Debug|Any CPU
		{C0E88D62-41B7-4A3E-B5F0-1E6AB4C8B56A}.Debug|x86.ActiveCfg = Debug|Any CPU
		{C0E88D62-41B7-4A3E-B5F0-1E6AB4C8B56A}.Debug|x86.Build.0 = Debug|Any CPU
		{C0E88D62-41B7-4A3E-B5F0-1E6AB4C8B56A}.Release|Any CPU.ActiveCfg = Release|Any CPU
		{C0E88D62-41B7-4A3E-B5F0-1E6AB4C8B56A}.Release|Any CPU.Build.0 = Release|Any CPU
		{C0E88D62-41B7-4A3E-B5F0-1E6AB4C8B56A}.Release|x64.ActiveCfg = Release|Any CPU
		{C0E88D62-41B7-4A3E-B5F0-1E6AB4C8B56A}.Release|x64.Build.0 = Release|Any CPU
		{C0E88D62-41B7-4A3E-B5F0-1E6AB4C8B56A}.Release|x86.ActiveCfg = Release|Any CPU
		{C0E88D62-41B7-4A3E-B5F0-1E6AB4C8B56A}.Release|x86.Build.0 = Release|Any CPU
		{0F7FB29F-0A49-4881-B1D0-C3E9670F85A5}.Debug|Any CPU.ActiveCfg = Debug|Any CPU
		{0F7FB29F-0A49-4881-B1D0-C3E9670F85A5}.Debug|Any CPU.Build.0 = Debug|Any CPU
		{0F7FB29F-0A49-4881-B1D0-C3E9670F85A5}.Debug|x64.ActiveCfg = Debug|Any CPU
		{0F7FB29F-0A49-4881-B1D0-C3E9670F85A5}.Debug|x64.Build.0 = Debug|Any CPU
		{0F7FB29F-0A49-4881-B1D0-C3E9670F85A5}.Debug|x86.ActiveCfg = Debug|Any CPU
		{0F7FB29F-0A49-4881-B1D0-C3E9670F85A5}.Debug|x86.Build.0 = Debug|Any CPU
		{0F7FB29F-0A49-4881-B1D0-C3E9670F85A5}.Release|Any CPU.ActiveCfg = Release|Any CPU
		{0F7FB29F-0A49-4881-B1D0-C3E9670F85A5}.Release|Any CPU.Build.0 = Release|Any CPU
		{0F7FB29F-0A49-4881-B1D0-C3E9670F85A5}.Release|x64.ActiveCfg = Release|Any CPU
		{0F7FB29F-0A49-4881-B1D0-C3E9670F85A5}.Release|x64.Build.0 = Release|Any CPU
		{0F7FB29F-0A49-4881-B1D0-C3E9670F85A5}.Release|x86.ActiveCfg = Release|Any CPU
		{0F7FB29F-0A49-4881-B1D0-C3E9670F85A5}.Release|x86.Build.0 = Release|Any CPU
		{9F3D7A43-3A3A-4B8D-9D1E-3B4F537D3D97}.Debug|Any CPU.ActiveCfg = Debug|Any CPU
		{9F3D7A43-3A3A-4B8D-9D1E-3B4F537D3D97}.Debug|Any CPU.Build.0 = Debug|Any CPU
		{9F3D7A43-3A3A-4B8D-9D1E-3B4F537D3D97}.Debug|x64.ActiveCfg = Debug|Any CPU
		{9F3D7A43-3A3A-4B8D-9D1E-3B4F537D3D97}.Debug|x64.Build.0 = Debug|Any CPU
		{9F3D7A43-3A3A-4B8D-9D1E-3B4F537D3D97}.Debug|x86.ActiveCfg = Debug|Any CPU
		{9F3D7A43-3A3A-4B8D-9D1E-3B4F537D3D97}.Debug|x86.Build.0 = Debug|Any CPU
		{9F3D7A43-3A3A-4B8D-9D1E-3B4F537D3D97}.Release|Any CPU.ActiveCfg = Release|Any CPU
		{9F3D7A43-3A3A-4B8D-9D1E-3B4F537D3D97}.Release|Any CPU.Build.0 = Release|Any CPU
		{9F3D7A43-3A3A-4B8D-9D1E-3B4F537D3D97}.Release|x64.ActiveCfg = Release|Any CPU
		{9F3D7A43-3A3A-4B8D-9D1E-3B4F537D3D97}.Release|x64.Build.0 = Release|Any CPU
		{9F3D7A43-3A3A-4B8D-9D1E-3B4F537D3D97}.Release|x86.ActiveCfg = Release|Any CPU
		{9F3D7A43-3A3A-4B8D-9D1E-3B4F537D3D97}.Release|x86.Build.0 = Release|Any CPU
		{6D1975C4-969E-4B7D-9345-3F83E33AA533}.Debug|Any CPU.ActiveCfg = Debug|Any CPU
		{6D1975C4-969E-4B7D-9345-3F83E33AA533}.Debug|Any CPU.Build.0 = Debug|Any CPU
		{6D1975C4-969E-4B7D-9345-3F83E33AA533}.Debug|x64.ActiveCfg = Debug|Any CPU
		{6D1975C4-969E-4B7D-9345-3F83E33AA533}.Debug|x64.Build.0 = Debug|Any CPU
		{6D1975C4-969E-4B7D-9345-3F83E33AA533}.Debug|x86.ActiveCfg = Debug|Any CPU
		{6D1975C4-969E-4B7D-9345-3F83E33AA533}.Debug|x86.Build.0 = Debug|Any CPU
		{6D1975C4-969E-4B7D-9345-3F83E33AA533}.Release|Any CPU.ActiveCfg = Release|Any CPU
		{6D1975C4-969E-4B7D-9345-3F83E33AA533}.Release|Any CPU.Build.0 = Release|Any CPU
		{6D1975C4-969E-4B7D-9345-3F83E33AA533}.Release|x64.ActiveCfg = Release|Any CPU
		{6D1975C4-969E-4B7D-9345-3F83E33AA533}.Release|x64.Build.0 = Release|Any CPU
		{6D1975C4-969E-4B7D-9345-3F83E33AA533}.Release|x86.ActiveCfg = Release|Any CPU
		{6D1975C4-969E-4B7D-9345-3F83E33AA533}.Release|x86.Build.0 = Release|Any CPU
		{A5F7BCC0-CACA-4624-BC0A-DEC1090C12BB}.Debug|Any CPU.ActiveCfg = Debug|Any CPU
		{A5F7BCC0-CACA-4624-BC0A-DEC1090C12BB}.Debug|Any CPU.Build.0 = Debug|Any CPU
		{A5F7BCC0-CACA-4624-BC0A-DEC1090C12BB}.Debug|x64.ActiveCfg = Debug|Any CPU
		{A5F7BCC0-CACA-4624-BC0A-DEC1090C12BB}.Debug|x64.Build.0 = Debug|Any CPU
		{A5F7BCC0-CACA-4624-BC0A-DEC1090C12BB}.Debug|x86.ActiveCfg = Debug|Any CPU
		{A5F7BCC0-CACA-4624-BC0A-DEC1090C12BB}.Debug|x86.Build.0 = Debug|Any CPU
		{A5F7BCC0-CACA-4624-BC0A-DEC1090C12BB}.Release|Any CPU.ActiveCfg = Release|Any CPU
		{A5F7BCC0-CACA-4624-BC0A-DEC1090C12BB}.Release|Any CPU.Build.0 = Release|Any CPU
		{A5F7BCC0-CACA-4624-BC0A-DEC1090C12BB}.Release|x64.ActiveCfg = Release|Any CPU
		{A5F7BCC0-CACA-4624-BC0A-DEC1090C12BB}.Release|x64.Build.0 = Release|Any CPU
		{A5F7BCC0-CACA-4624-BC0A-DEC1090C12BB}.Release|x86.ActiveCfg = Release|Any CPU
		{A5F7BCC0-CACA-4624-BC0A-DEC1090C12BB}.Release|x86.Build.0 = Release|Any CPU
		{EE3C7A4F-584E-4D36-8AA8-E62F39A15D7C}.Debug|Any CPU.ActiveCfg = Debug|Any CPU
		{EE3C7A4F-584E-4D36-8AA8-E62F39A15D7C}.Debug|Any CPU.Build.0 = Debug|Any CPU
		{EE3C7A4F-584E-4D36-8AA8-E62F39A15D7C}.Debug|x64.ActiveCfg = Debug|Any CPU
		{EE3C7A4F-584E-4D36-8AA8-E62F39A15D7C}.Debug|x64.Build.0 = Debug|Any CPU
		{EE3C7A4F-584E-4D36-8AA8-E62F39A15D7C}.Debug|x86.ActiveCfg = Debug|Any CPU
		{EE3C7A4F-584E-4D36-8AA8-E62F39A15D7C}.Debug|x86.Build.0 = Debug|Any CPU
		{EE3C7A4F-584E-4D36-8AA8-E62F39A15D7C}.Release|Any CPU.ActiveCfg = Release|Any CPU
		{EE3C7A4F-584E-4D36-8AA8-E62F39A15D7C}.Release|Any CPU.Build.0 = Release|Any CPU
		{EE3C7A4F-584E-4D36-8AA8-E62F39A15D7C}.Release|x64.ActiveCfg = Release|Any CPU
		{EE3C7A4F-584E-4D36-8AA8-E62F39A15D7C}.Release|x64.Build.0 = Release|Any CPU
		{EE3C7A4F-584E-4D36-8AA8-E62F39A15D7C}.Release|x86.ActiveCfg = Release|Any CPU
		{EE3C7A4F-584E-4D36-8AA8-E62F39A15D7C}.Release|x86.Build.0 = Release|Any CPU
		{690325AB-C7AE-479F-9FAC-32972B858468}.Debug|Any CPU.ActiveCfg = Debug|Any CPU
		{690325AB-C7AE-479F-9FAC-32972B858468}.Debug|Any CPU.Build.0 = Debug|Any CPU
		{690325AB-C7AE-479F-9FAC-32972B858468}.Debug|x64.ActiveCfg = Debug|Any CPU
		{690325AB-C7AE-479F-9FAC-32972B858468}.Debug|x64.Build.0 = Debug|Any CPU
		{690325AB-C7AE-479F-9FAC-32972B858468}.Debug|x86.ActiveCfg = Debug|Any CPU
		{690325AB-C7AE-479F-9FAC-32972B858468}.Debug|x86.Build.0 = Debug|Any CPU
		{690325AB-C7AE-479F-9FAC-32972B858468}.Release|Any CPU.ActiveCfg = Release|Any CPU
		{690325AB-C7AE-479F-9FAC-32972B858468}.Release|Any CPU.Build.0 = Release|Any CPU
		{690325AB-C7AE-479F-9FAC-32972B858468}.Release|x64.ActiveCfg = Release|Any CPU
		{690325AB-C7AE-479F-9FAC-32972B858468}.Release|x64.Build.0 = Release|Any CPU
		{690325AB-C7AE-479F-9FAC-32972B858468}.Release|x86.ActiveCfg = Release|Any CPU
		{690325AB-C7AE-479F-9FAC-32972B858468}.Release|x86.Build.0 = Release|Any CPU
	EndGlobalSection
	GlobalSection(SolutionProperties) = preSolution
		HideSolutionNode = FALSE
	EndGlobalSection
	GlobalSection(NestedProjects) = preSolution
		{3C616F83-69F2-48FA-9E6B-7E1A8EEBC82A} = {827E0CD3-B72D-47B6-A68D-7590B98EB39B}
		{0D85F048-E786-4203-AD2B-5439CFB3ECA1} = {827E0CD3-B72D-47B6-A68D-7590B98EB39B}
		{A1B3217E-678B-487E-B9C0-D9173ED84DBF} = {827E0CD3-B72D-47B6-A68D-7590B98EB39B}
		{C7438DFD-60DA-4EFA-BDAA-F9542A49E667} = {827E0CD3-B72D-47B6-A68D-7590B98EB39B}
		{0461B899-5043-43C6-8BE9-F8ADA148B2A7} = {827E0CD3-B72D-47B6-A68D-7590B98EB39B}
		{5A8C8071-C1B7-4E91-9EB7-70A46D18A50A} = {0C88DD14-F956-CE84-757C-A364CCF449FC}
		{F2B47BC0-439A-4A75-AAC7-376520152DE8} = {827E0CD3-B72D-47B6-A68D-7590B98EB39B}
		{11A32C28-B5D2-48B9-9265-92725FC91786} = {827E0CD3-B72D-47B6-A68D-7590B98EB39B}
		{82E4722A-702E-428E-8EC3-C6CF369AB6F1} = {0C88DD14-F956-CE84-757C-A364CCF449FC}
		{2AA09950-1954-4C6C-A66F-CE2C308D20A8} = {827E0CD3-B72D-47B6-A68D-7590B98EB39B}
		{D7437C20-5E41-4EEC-A9DD-51FB34A9F94C} = {827E0CD3-B72D-47B6-A68D-7590B98EB39B}
		{206ADA98-524F-42AD-9448-3FAEA45B3516} = {0C88DD14-F956-CE84-757C-A364CCF449FC}
		{C0E88D62-41B7-4A3E-B5F0-1E6AB4C8B56A} = {0C88DD14-F956-CE84-757C-A364CCF449FC}
		{0F7FB29F-0A49-4881-B1D0-C3E9670F85A5} = {0C88DD14-F956-CE84-757C-A364CCF449FC}
		{9F3D7A43-3A3A-4B8D-9D1E-3B4F537D3D97} = {0C88DD14-F956-CE84-757C-A364CCF449FC}
		{6D1975C4-969E-4B7D-9345-3F83E33AA533} = {0C88DD14-F956-CE84-757C-A364CCF449FC}
		{A5F7BCC0-CACA-4624-BC0A-DEC1090C12BB} = {0C88DD14-F956-CE84-757C-A364CCF449FC}
		{EE3C7A4F-584E-4D36-8AA8-E62F39A15D7C} = {0C88DD14-F956-CE84-757C-A364CCF449FC}
		{690325AB-C7AE-479F-9FAC-32972B858468} = {0C88DD14-F956-CE84-757C-A364CCF449FC}
	EndGlobalSection
EndGlobal
